
Microsoft Visual Studio Solution File, Format Version 12.00
# Visual Studio Version 16
VisualStudioVersion = 16.0.31313.79
MinimumVisualStudioVersion = 10.0.40219.1
Project("{9A19103F-16F7-4668-BE54-9A1E7A4F7556}") = "NeoWs", "NeoWs\NeoWs.csproj", "{55ED3D2C-4C84-4E0A-967D-0355CEBC8B49}"
EndProject
Project("{9A19103F-16F7-4668-BE54-9A1E7A4F7556}") = "Models", "Models\Models.csproj", "{BC6960E8-8701-45AC-A9ED-D0AFCD1598E2}"
EndProject
Project("{FAE04EC0-301F-11D3-BF4B-00C04F79EFBC}") = "External.Nasa", "External.Nasa\External.Nasa.csproj", "{2FFF14F0-AC39-4483-9B54-96809732F9D4}"
EndProject
Global
	GlobalSection(SolutionConfigurationPlatforms) = preSolution
		Debug|Any CPU = Debug|Any CPU
		Release|Any CPU = Release|Any CPU
	EndGlobalSection
	GlobalSection(ProjectConfigurationPlatforms) = postSolution
		{55ED3D2C-4C84-4E0A-967D-0355CEBC8B49}.Debug|Any CPU.ActiveCfg = Debug|Any CPU
		{55ED3D2C-4C84-4E0A-967D-0355CEBC8B49}.Debug|Any CPU.Build.0 = Debug|Any CPU
		{55ED3D2C-4C84-4E0A-967D-0355CEBC8B49}.Release|Any CPU.ActiveCfg = Release|Any CPU
		{55ED3D2C-4C84-4E0A-967D-0355CEBC8B49}.Release|Any CPU.Build.0 = Release|Any CPU
		{BC6960E8-8701-45AC-A9ED-D0AFCD1598E2}.Debug|Any CPU.ActiveCfg = Debug|Any CPU
		{BC6960E8-8701-45AC-A9ED-D0AFCD1598E2}.Debug|Any CPU.Build.0 = Debug|Any CPU
		{BC6960E8-8701-45AC-A9ED-D0AFCD1598E2}.Release|Any CPU.ActiveCfg = Release|Any CPU
		{BC6960E8-8701-45AC-A9ED-D0AFCD1598E2}.Release|Any CPU.Build.0 = Release|Any CPU
		{2FFF14F0-AC39-4483-9B54-96809732F9D4}.Debug|Any CPU.ActiveCfg = Debug|Any CPU
		{2FFF14F0-AC39-4483-9B54-96809732F9D4}.Debug|Any CPU.Build.0 = Debug|Any CPU
		{2FFF14F0-AC39-4483-9B54-96809732F9D4}.Release|Any CPU.ActiveCfg = Release|Any CPU
		{2FFF14F0-AC39-4483-9B54-96809732F9D4}.Release|Any CPU.Build.0 = Release|Any CPU
	EndGlobalSection
	GlobalSection(SolutionProperties) = preSolution
		HideSolutionNode = FALSE
	EndGlobalSection
	GlobalSection(ExtensibilityGlobals) = postSolution
		SolutionGuid = {D2CE4321-B4F0-4EEB-9B4A-430B6230C7AA}
	EndGlobalSection
EndGlobal
